{
    "_readme": [
        "This file locks the dependencies of your project to a known state",
        "Read more about it at https://getcomposer.org/doc/01-basic-usage.md#installing-dependencies",
        "This file is @generated automatically"
    ],
    "content-hash": "a720207596f0cc9faf6724b4ac2f464a",
    "packages": [
        {
            "name": "globalpayments/php-sdk",
            "version": "10.0.2",
            "source": {
                "type": "git",
                "url": "https://github.com/globalpayments/php-sdk.git",
                "reference": "770972949e2ef612a4de83ac8f4050905f282c04"
            },
            "dist": {
                "type": "zip",
                "url": "https://api.github.com/repos/globalpayments/php-sdk/zipball/770972949e2ef612a4de83ac8f4050905f282c04",
                "reference": "770972949e2ef612a4de83ac8f4050905f282c04",
                "shasum": ""
            },
            "require": {
                "ext-curl": "*",
                "ext-dom": "*",
                "ext-intl": "*",
                "ext-json": "*",
                "ext-mbstring": "*",
                "ext-openssl": "*",
                "ext-zlib": "*",
                "php": ">= 8.0"
            },
            "require-dev": {
                "brianium/paratest": "4.0.0 || ^v6.6",
                "phpstan/phpstan": "^0.12",
                "phpunit/phpunit": "^7.5 || ^8.5 || ~9.4",
                "squizlabs/php_codesniffer": "2.*"
            },
            "type": "library",
            "autoload": {
                "psr-4": {
                    "GlobalPayments\\Api\\": "src/"
                }
            },
            "notification-url": "https://packagist.org/downloads/",
            "license": [
                "GPL-2.0-or-later"
            ],
            "authors": [
                {
                    "name": "Heartland Payment Systems"
                }
            ],
            "description": "PHP SDK for processing payments with Global Payments, including Heartland Payment Systems and Realex Payments",
            "homepage": "https://developer.heartlandpaymentsystems.com/documentation",
            "support": {
                "issues": "https://github.com/globalpayments/php-sdk/issues",
                "source": "https://github.com/globalpayments/php-sdk/tree/10.0.2"
            },
            "time": "2023-09-07T12:02:02+00:00"
        }
    ],
    "packages-dev": [],
    "aliases": [],
    "minimum-stability": "stable",
    "stability-flags": [],
    "prefer-stable": false,
    "prefer-lowest": false,
    "platform": [],
    "platform-dev": [],
    "plugin-api-version": "2.6.0"
}
